
Microsoft Visual Studio Solution File, Format Version 12.00
# Visual Studio Version 17
VisualStudioVersion = 17.3.32811.315
MinimumVisualStudioVersion = 10.0.40219.1
Project("{FAE04EC0-301F-11D3-BF4B-00C04F79EFBC}") = "Playlisten", "Playlisten\Playlisten.csproj", "{31B7B872-AFA3-40C4-8FB5-E4404855D7A0}"
EndProject
Global
	GlobalSection(SolutionConfigurationPlatforms) = preSolution
		Debug|Any CPU = Debug|Any CPU
		Release|Any CPU = Release|Any CPU
	EndGlobalSection
	GlobalSection(ProjectConfigurationPlatforms) = postSolution
		{31B7B872-AFA3-40C4-8FB5-E4404855D7A0}.Debug|Any CPU.ActiveCfg = Debug|Any CPU
		{31B7B872-AFA3-40C4-8FB5-E4404855D7A0}.Debug|Any CPU.Build.0 = Debug|Any CPU
		{31B7B872-AFA3-40C4-8FB5-E4404855D7A0}.Release|Any CPU.ActiveCfg = Release|Any CPU
		{31B7B872-AFA3-40C4-8FB5-E4404855D7A0}.Release|Any CPU.Build.0 = Release|Any CPU
	EndGlobalSection
	GlobalSection(SolutionProperties) = preSolution
		HideSolutionNode = FALSE
	EndGlobalSection
	GlobalSection(ExtensibilityGlobals) = postSolution
		SolutionGuid = {0DC43021-A1F0-4E05-80D5-B77F380352F3}
	EndGlobalSection
EndGlobal
